
Microsoft Visual Studio Solution File, Format Version 12.00
# Visual Studio 15
VisualStudioVersion = 15.0.28307.136
MinimumVisualStudioVersion = 10.0.40219.1
Project("{FAE04EC0-301F-11D3-BF4B-00C04F79EFBC}") = "Blood_Bank", "Blood_Bank\Blood_Bank.csproj", "{C5F40D30-7E99-46DE-B202-27F5C78B719B}"
EndProject
Global
	GlobalSection(SolutionConfigurationPlatforms) = preSolution
		Debug|ARM = Debug|ARM
		Debug|ARM64 = Debug|ARM64
		Debug|x64 = Debug|x64
		Debug|x86 = Debug|x86
		Release|ARM = Release|ARM
		Release|ARM64 = Release|ARM64
		Release|x64 = Release|x64
		Release|x86 = Release|x86
	EndGlobalSection
	GlobalSection(ProjectConfigurationPlatforms) = postSolution
		{C5F40D30-7E99-46DE-B202-27F5C78B719B}.Debug|ARM.ActiveCfg = Debug|ARM
		{C5F40D30-7E99-46DE-B202-27F5C78B719B}.Debug|ARM.Build.0 = Debug|ARM
		{C5F40D30-7E99-46DE-B202-27F5C78B719B}.Debug|ARM.Deploy.0 = Debug|ARM
		{C5F40D30-7E99-46DE-B202-27F5C78B719B}.Debug|ARM64.ActiveCfg = Debug|ARM64
		{C5F40D30-7E99-46DE-B202-27F5C78B719B}.Debug|ARM64.Build.0 = Debug|ARM64
		{C5F40D30-7E99-46DE-B202-27F5C78B719B}.Debug|ARM64.Deploy.0 = Debug|ARM64
		{C5F40D30-7E99-46DE-B202-27F5C78B719B}.Debug|x64.ActiveCfg = Debug|x64
		{C5F40D30-7E99-46DE-B202-27F5C78B719B}.Debug|x64.Build.0 = Debug|x64
		{C5F40D30-7E99-46DE-B202-27F5C78B719B}.Debug|x64.Deploy.0 = Debug|x64
		{C5F40D30-7E99-46DE-B202-27F5C78B719B}.Debug|x86.ActiveCfg = Debug|x86
		{C5F40D30-7E99-46DE-B202-27F5C78B719B}.Debug|x86.Build.0 = Debug|x86
		{C5F40D30-7E99-46DE-B202-27F5C78B719B}.Debug|x86.Deploy.0 = Debug|x86
		{C5F40D30-7E99-46DE-B202-27F5C78B719B}.Release|ARM.ActiveCfg = Release|ARM
		{C5F40D30-7E99-46DE-B202-27F5C78B719B}.Release|ARM.Build.0 = Release|ARM
		{C5F40D30-7E99-46DE-B202-27F5C78B719B}.Release|ARM.Deploy.0 = Release|ARM
		{C5F40D30-7E99-46DE-B202-27F5C78B719B}.Release|ARM64.ActiveCfg = Release|ARM64
		{C5F40D30-7E99-46DE-B202-27F5C78B719B}.Release|ARM64.Build.0 = Release|ARM64
		{C5F40D30-7E99-46DE-B202-27F5C78B719B}.Release|ARM64.Deploy.0 = Release|ARM64
		{C5F40D30-7E99-46DE-B202-27F5C78B719B}.Release|x64.ActiveCfg = Release|x64
		{C5F40D30-7E99-46DE-B202-27F5C78B719B}.Release|x64.Build.0 = Release|x64
		{C5F40D30-7E99-46DE-B202-27F5C78B719B}.Release|x64.Deploy.0 = Release|x64
		{C5F40D30-7E99-46DE-B202-27F5C78B719B}.Release|x86.ActiveCfg = Release|x86
		{C5F40D30-7E99-46DE-B202-27F5C78B719B}.Release|x86.Build.0 = Release|x86
		{C5F40D30-7E99-46DE-B202-27F5C78B719B}.Release|x86.Deploy.0 = Release|x86
	EndGlobalSection
	GlobalSection(SolutionProperties) = preSolution
		HideSolutionNode = FALSE
	EndGlobalSection
	GlobalSection(ExtensibilityGlobals) = postSolution
		SolutionGuid = {80E90501-72FD-4234-94AB-E83372FEC4B7}
	EndGlobalSection
EndGlobal
